
Microsoft Visual Studio Solution File, Format Version 12.00
# Visual Studio Version 17
VisualStudioVersion = 17.11.35303.130
MinimumVisualStudioVersion = 10.0.40219.1
Project("{FAE04EC0-301F-11D3-BF4B-00C04F79EFBC}") = "Veduta_IKM722a_Course_project", "Veduta_IKM722a_Course_project\Veduta_IKM722a_Course_project.csproj", "{F35976F8-1BBF-4F85-AA28-6E0F8034466E}"
EndProject
Global
	GlobalSection(SolutionConfigurationPlatforms) = preSolution
		Debug|Any CPU = Debug|Any CPU
		Release|Any CPU = Release|Any CPU
	EndGlobalSection
	GlobalSection(ProjectConfigurationPlatforms) = postSolution
		{F35976F8-1BBF-4F85-AA28-6E0F8034466E}.Debug|Any CPU.ActiveCfg = Debug|Any CPU
		{F35976F8-1BBF-4F85-AA28-6E0F8034466E}.Debug|Any CPU.Build.0 = Debug|Any CPU
		{F35976F8-1BBF-4F85-AA28-6E0F8034466E}.Release|Any CPU.ActiveCfg = Release|Any CPU
		{F35976F8-1BBF-4F85-AA28-6E0F8034466E}.Release|Any CPU.Build.0 = Release|Any CPU
	EndGlobalSection
	GlobalSection(SolutionProperties) = preSolution
		HideSolutionNode = FALSE
	EndGlobalSection
	GlobalSection(ExtensibilityGlobals) = postSolution
		SolutionGuid = {0FF6BD27-0340-4B17-9F2F-D771E957E139}
	EndGlobalSection
EndGlobal
